<?xml version="1.0" encoding="utf-8"?>
<Project ToolsVersion="4.0" xmlns="http://schemas.microsoft.com/developer/msbuild/2003">
  <ItemGroup>
    <ClCompile Include="stub.cpp" />
  </ItemGroup>
  <ItemGroup>
    <ClInclude Include="resource.h" />
    <ClInclude Include="stub_defs.h" />
  </ItemGroup>
  <ItemGroup>
    <ResourceCompile Include="inject_stub.rc" />
  </ItemGroup>
  <ItemGroup>
    <None Include="name.bin" />
    <None Include="import.bin" />
    <None Include="payload.bin" />
  </ItemGroup>
</Project>